// !$*UTF8*$!
{
	archiveVersion = 1;
	classes = {
	};
	objectVersion = 55;
	objects = {

/* Begin PBXBuildFile section */
		CA77B77C288F887D0091269D /* ReflectApp.swift in Sources */ = {isa = PBXBuildFile; fileRef = CA77B76C288F887B0091269D /* ReflectApp.swift */; };
		CA77B77D288F887D0091269D /* ReflectApp.swift in Sources */ = {isa = PBXBuildFile; fileRef = CA77B76C288F887B0091269D /* ReflectApp.swift */; };
		CA77B77E288F887D0091269D /* ContentView.swift in Sources */ = {isa = PBXBuildFile; fileRef = CA77B76D288F887B0091269D /* ContentView.swift */; };
		CA77B77F288F887D0091269D /* ContentView.swift in Sources */ = {isa = PBXBuildFile; fileRef = CA77B76D288F887B0091269D /* ContentView.swift */; };
		CA77B780288F887D0091269D /* Assets.xcassets in Resources */ = {isa = PBXBuildFile; fileRef = CA77B76E288F887D0091269D /* Assets.xcassets */; };
		CA77B781288F887D0091269D /* Assets.xcassets in Resources */ = {isa = PBXBuildFile; fileRef = CA77B76E288F887D0091269D /* Assets.xcassets */; };
		CA77B78B288F8F5C0091269D /* OnBoadingView.swift in Sources */ = {isa = PBXBuildFile; fileRef = CA77B78A288F8F5C0091269D /* OnBoadingView.swift */; };
		CA77B78C288F8F5C0091269D /* OnBoadingView.swift in Sources */ = {isa = PBXBuildFile; fileRef = CA77B78A288F8F5C0091269D /* OnBoadingView.swift */; };
		CA77B78E288F8FBF0091269D /* ReflectionView.swift in Sources */ = {isa = PBXBuildFile; fileRef = CA77B78D288F8FBF0091269D /* ReflectionView.swift */; };
		CA77B78F288F8FBF0091269D /* ReflectionView.swift in Sources */ = {isa = PBXBuildFile; fileRef = CA77B78D288F8FBF0091269D /* ReflectionView.swift */; };
		CA77B791288F909B0091269D /* ReflectionViewModel.swift in Sources */ = {isa = PBXBuildFile; fileRef = CA77B790288F909B0091269D /* ReflectionViewModel.swift */; };
		CA77B792288F909B0091269D /* ReflectionViewModel.swift in Sources */ = {isa = PBXBuildFile; fileRef = CA77B790288F909B0091269D /* ReflectionViewModel.swift */; };
		CAD35F8B288FB48100C317AB /* MenuView.swift in Sources */ = {isa = PBXBuildFile; fileRef = CAD35F8A288FB48100C317AB /* MenuView.swift */; };
		CAD35F8D288FB4AD00C317AB /* MenuViewModel.swift in Sources */ = {isa = PBXBuildFile; fileRef = CAD35F8C288FB4AD00C317AB /* MenuViewModel.swift */; };
		CAD35F8F288FB63C00C317AB /* ReflectionFormView.swift in Sources */ = {isa = PBXBuildFile; fileRef = CAD35F8E288FB63C00C317AB /* ReflectionFormView.swift */; };
		CAD35F91288FB65C00C317AB /* PastReflectionComponent.swift in Sources */ = {isa = PBXBuildFile; fileRef = CAD35F90288FB65C00C317AB /* PastReflectionComponent.swift */; };
		CAD35F94288FB68C00C317AB /* TodaysReflectionComponent.swift in Sources */ = {isa = PBXBuildFile; fileRef = CAD35F93288FB68C00C317AB /* TodaysReflectionComponent.swift */; };
		CAD35F9B2890DDD100C317AB /* Helper.swift in Sources */ = {isa = PBXBuildFile; fileRef = CAD35F9A2890DDD100C317AB /* Helper.swift */; };
		CAD35F9E2890DE1A00C317AB /* UIScreen.swift in Sources */ = {isa = PBXBuildFile; fileRef = CAD35F9D2890DE1A00C317AB /* UIScreen.swift */; };
		CAD35FA02890EDE400C317AB /* APIService.swift in Sources */ = {isa = PBXBuildFile; fileRef = CAD35F9F2890EDE400C317AB /* APIService.swift */; };
		CAD35FAB289258DB00C317AB /* Challenge.swift in Sources */ = {isa = PBXBuildFile; fileRef = CAD35FAA289258DB00C317AB /* Challenge.swift */; };
		CAD35FAD289258E900C317AB /* Category.swift in Sources */ = {isa = PBXBuildFile; fileRef = CAD35FAC289258E900C317AB /* Category.swift */; };
		CAD35FB12892718E00C317AB /* DataController.swift in Sources */ = {isa = PBXBuildFile; fileRef = CAD35FB02892718E00C317AB /* DataController.swift */; };
		CAD35FB4289271FD00C317AB /* Reflection.xcdatamodeld in Sources */ = {isa = PBXBuildFile; fileRef = CAD35FB2289271FD00C317AB /* Reflection.xcdatamodeld */; };
		CAD35FB92892797E00C317AB /* ReflectionItem.swift in Sources */ = {isa = PBXBuildFile; fileRef = CAD35FB82892797E00C317AB /* ReflectionItem.swift */; };
		CAD35FBB2892818D00C317AB /* ReflectionCD.swift in Sources */ = {isa = PBXBuildFile; fileRef = CAD35FBA2892818D00C317AB /* ReflectionCD.swift */; };
		CAD35FBD2892F22000C317AB /* NotificationManager.swift in Sources */ = {isa = PBXBuildFile; fileRef = CAD35FBC2892F22000C317AB /* NotificationManager.swift */; };
/* End PBXBuildFile section */

/* Begin PBXFileReference section */
		CA77B76C288F887B0091269D /* ReflectApp.swift */ = {isa = PBXFileReference; lastKnownFileType = sourcecode.swift; path = ReflectApp.swift; sourceTree = "<group>"; };
		CA77B76D288F887B0091269D /* ContentView.swift */ = {isa = PBXFileReference; lastKnownFileType = sourcecode.swift; path = ContentView.swift; sourceTree = "<group>"; };
		CA77B76E288F887D0091269D /* Assets.xcassets */ = {isa = PBXFileReference; lastKnownFileType = folder.assetcatalog; path = Assets.xcassets; sourceTree = "<group>"; };
		CA77B773288F887D0091269D /* Reflect.app */ = {isa = PBXFileReference; explicitFileType = wrapper.application; includeInIndex = 0; path = Reflect.app; sourceTree = BUILT_PRODUCTS_DIR; };
		CA77B779288F887D0091269D /* Reflect.app */ = {isa = PBXFileReference; explicitFileType = wrapper.application; includeInIndex = 0; path = Reflect.app; sourceTree = BUILT_PRODUCTS_DIR; };
		CA77B77B288F887D0091269D /* macOS.entitlements */ = {isa = PBXFileReference; lastKnownFileType = text.plist.entitlements; path = macOS.entitlements; sourceTree = "<group>"; };
		CA77B78A288F8F5C0091269D /* OnBoadingView.swift */ = {isa = PBXFileReference; lastKnownFileType = sourcecode.swift; path = OnBoadingView.swift; sourceTree = "<group>"; };
		CA77B78D288F8FBF0091269D /* ReflectionView.swift */ = {isa = PBXFileReference; lastKnownFileType = sourcecode.swift; path = ReflectionView.swift; sourceTree = "<group>"; };
		CA77B790288F909B0091269D /* ReflectionViewModel.swift */ = {isa = PBXFileReference; lastKnownFileType = sourcecode.swift; path = ReflectionViewModel.swift; sourceTree = "<group>"; };
		CAD35F8A288FB48100C317AB /* MenuView.swift */ = {isa = PBXFileReference; lastKnownFileType = sourcecode.swift; path = MenuView.swift; sourceTree = "<group>"; };
		CAD35F8C288FB4AD00C317AB /* MenuViewModel.swift */ = {isa = PBXFileReference; lastKnownFileType = sourcecode.swift; path = MenuViewModel.swift; sourceTree = "<group>"; };
		CAD35F8E288FB63C00C317AB /* ReflectionFormView.swift */ = {isa = PBXFileReference; lastKnownFileType = sourcecode.swift; path = ReflectionFormView.swift; sourceTree = "<group>"; };
		CAD35F90288FB65C00C317AB /* PastReflectionComponent.swift */ = {isa = PBXFileReference; lastKnownFileType = sourcecode.swift; path = PastReflectionComponent.swift; sourceTree = "<group>"; };
		CAD35F93288FB68C00C317AB /* TodaysReflectionComponent.swift */ = {isa = PBXFileReference; lastKnownFileType = sourcecode.swift; path = TodaysReflectionComponent.swift; sourceTree = "<group>"; };
		CAD35F9A2890DDD100C317AB /* Helper.swift */ = {isa = PBXFileReference; lastKnownFileType = sourcecode.swift; path = Helper.swift; sourceTree = "<group>"; };
		CAD35F9D2890DE1A00C317AB /* UIScreen.swift */ = {isa = PBXFileReference; lastKnownFileType = sourcecode.swift; path = UIScreen.swift; sourceTree = "<group>"; };
		CAD35F9F2890EDE400C317AB /* APIService.swift */ = {isa = PBXFileReference; lastKnownFileType = sourcecode.swift; path = APIService.swift; sourceTree = "<group>"; };
		CAD35FAA289258DB00C317AB /* Challenge.swift */ = {isa = PBXFileReference; lastKnownFileType = sourcecode.swift; path = Challenge.swift; sourceTree = "<group>"; };
		CAD35FAC289258E900C317AB /* Category.swift */ = {isa = PBXFileReference; lastKnownFileType = sourcecode.swift; path = Category.swift; sourceTree = "<group>"; };
		CAD35FB02892718E00C317AB /* DataController.swift */ = {isa = PBXFileReference; lastKnownFileType = sourcecode.swift; path = DataController.swift; sourceTree = "<group>"; };
		CAD35FB3289271FD00C317AB /* Reflection.xcdatamodel */ = {isa = PBXFileReference; lastKnownFileType = wrapper.xcdatamodel; path = Reflection.xcdatamodel; sourceTree = "<group>"; };
		CAD35FB82892797E00C317AB /* ReflectionItem.swift */ = {isa = PBXFileReference; lastKnownFileType = sourcecode.swift; path = ReflectionItem.swift; sourceTree = "<group>"; };
		CAD35FBA2892818D00C317AB /* ReflectionCD.swift */ = {isa = PBXFileReference; lastKnownFileType = sourcecode.swift; path = ReflectionCD.swift; sourceTree = "<group>"; };
		CAD35FBC2892F22000C317AB /* NotificationManager.swift */ = {isa = PBXFileReference; lastKnownFileType = sourcecode.swift; path = NotificationManager.swift; sourceTree = "<group>"; };
/* End PBXFileReference section */

/* Begin PBXFrameworksBuildPhase section */
		CA77B770288F887D0091269D /* Frameworks */ = {
			isa = PBXFrameworksBuildPhase;
			buildActionMask = 2147483647;
			files = (
			);
			runOnlyForDeploymentPostprocessing = 0;
		};
		CA77B776288F887D0091269D /* Frameworks */ = {
			isa = PBXFrameworksBuildPhase;
			buildActionMask = 2147483647;
			files = (
			);
			runOnlyForDeploymentPostprocessing = 0;
		};
/* End PBXFrameworksBuildPhase section */

/* Begin PBXGroup section */
		CA77B766288F887A0091269D = {
			isa = PBXGroup;
			children = (
				CA77B76B288F887B0091269D /* Shared */,
				CA77B77A288F887D0091269D /* macOS */,
				CA77B774288F887D0091269D /* Products */,
			);
			sourceTree = "<group>";
		};
		CA77B76B288F887B0091269D /* Shared */ = {
			isa = PBXGroup;
			children = (
				CAD35FB7289272BC00C317AB /* CoreData */,
				CAD35F9C2890DE0B00C317AB /* Extensions */,
				CAD35F972890DCF100C317AB /* Models */,
				CAD35F962890DBD600C317AB /* Services */,
				CAD35F952890DB4D00C317AB /* Helper */,
				CAD35F86288FAC1600C317AB /* Components */,
				CAD35F85288FAC0E00C317AB /* View */,
				CAD35F87288FAC2400C317AB /* View Model */,
				CA77B76C288F887B0091269D /* ReflectApp.swift */,
				CA77B76E288F887D0091269D /* Assets.xcassets */,
				CAD35FB2289271FD00C317AB /* Reflection.xcdatamodeld */,
			);
			path = Shared;
			sourceTree = "<group>";
		};
		CA77B774288F887D0091269D /* Products */ = {
			isa = PBXGroup;
			children = (
				CA77B773288F887D0091269D /* Reflect.app */,
				CA77B779288F887D0091269D /* Reflect.app */,
			);
			name = Products;
			sourceTree = "<group>";
		};
		CA77B77A288F887D0091269D /* macOS */ = {
			isa = PBXGroup;
			children = (
				CA77B77B288F887D0091269D /* macOS.entitlements */,
			);
			path = macOS;
			sourceTree = "<group>";
		};
		CAD35F85288FAC0E00C317AB /* View */ = {
			isa = PBXGroup;
			children = (
				CA77B76D288F887B0091269D /* ContentView.swift */,
				CA77B78A288F8F5C0091269D /* OnBoadingView.swift */,
				CA77B78D288F8FBF0091269D /* ReflectionView.swift */,
				CAD35F8A288FB48100C317AB /* MenuView.swift */,
				CAD35F8E288FB63C00C317AB /* ReflectionFormView.swift */,
			);
			path = View;
			sourceTree = "<group>";
		};
		CAD35F86288FAC1600C317AB /* Components */ = {
			isa = PBXGroup;
			children = (
				CAD35F90288FB65C00C317AB /* PastReflectionComponent.swift */,
				CAD35F93288FB68C00C317AB /* TodaysReflectionComponent.swift */,
				CAD35FB82892797E00C317AB /* ReflectionItem.swift */,
			);
			path = Components;
			sourceTree = "<group>";
		};
		CAD35F87288FAC2400C317AB /* View Model */ = {
			isa = PBXGroup;
			children = (
				CA77B790288F909B0091269D /* ReflectionViewModel.swift */,
				CAD35F8C288FB4AD00C317AB /* MenuViewModel.swift */,
			);
			path = "View Model";
			sourceTree = "<group>";
		};
		CAD35F952890DB4D00C317AB /* Helper */ = {
			isa = PBXGroup;
			children = (
				CAD35F9A2890DDD100C317AB /* Helper.swift */,
				CAD35FBC2892F22000C317AB /* NotificationManager.swift */,
			);
			path = Helper;
			sourceTree = "<group>";
		};
		CAD35F962890DBD600C317AB /* Services */ = {
			isa = PBXGroup;
			children = (
				CAD35F9F2890EDE400C317AB /* APIService.swift */,
			);
			path = Services;
			sourceTree = "<group>";
		};
		CAD35F972890DCF100C317AB /* Models */ = {
			isa = PBXGroup;
			children = (
				CAD35FAA289258DB00C317AB /* Challenge.swift */,
				CAD35FAC289258E900C317AB /* Category.swift */,
			);
			path = Models;
			sourceTree = "<group>";
		};
		CAD35F9C2890DE0B00C317AB /* Extensions */ = {
			isa = PBXGroup;
			children = (
				CAD35F9D2890DE1A00C317AB /* UIScreen.swift */,
			);
			path = Extensions;
			sourceTree = "<group>";
		};
		CAD35FB7289272BC00C317AB /* CoreData */ = {
			isa = PBXGroup;
			children = (
				CAD35FB02892718E00C317AB /* DataController.swift */,
				CAD35FBA2892818D00C317AB /* ReflectionCD.swift */,
			);
			path = CoreData;
			sourceTree = "<group>";
		};
/* End PBXGroup section */

/* Begin PBXNativeTarget section */
		CA77B772288F887D0091269D /* Reflect (iOS) */ = {
			isa = PBXNativeTarget;
			buildConfigurationList = CA77B784288F887D0091269D /* Build configuration list for PBXNativeTarget "Reflect (iOS)" */;
			buildPhases = (
				CA77B76F288F887D0091269D /* Sources */,
				CA77B770288F887D0091269D /* Frameworks */,
				CA77B771288F887D0091269D /* Resources */,
			);
			buildRules = (
			);
			dependencies = (
			);
			name = "Reflect (iOS)";
			productName = "Reflect (iOS)";
			productReference = CA77B773288F887D0091269D /* Reflect.app */;
			productType = "com.apple.product-type.application";
		};
		CA77B778288F887D0091269D /* Reflect (macOS) */ = {
			isa = PBXNativeTarget;
			buildConfigurationList = CA77B787288F887D0091269D /* Build configuration list for PBXNativeTarget "Reflect (macOS)" */;
			buildPhases = (
				CA77B775288F887D0091269D /* Sources */,
				CA77B776288F887D0091269D /* Frameworks */,
				CA77B777288F887D0091269D /* Resources */,
			);
			buildRules = (
			);
			dependencies = (
			);
			name = "Reflect (macOS)";
			productName = "Reflect (macOS)";
			productReference = CA77B779288F887D0091269D /* Reflect.app */;
			productType = "com.apple.product-type.application";
		};
/* End PBXNativeTarget section */

/* Begin PBXProject section */
		CA77B767288F887A0091269D /* Project object */ = {
			isa = PBXProject;
			attributes = {
				BuildIndependentTargetsInParallel = 1;
				LastSwiftUpdateCheck = 1340;
				LastUpgradeCheck = 1340;
				TargetAttributes = {
					CA77B772288F887D0091269D = {
						CreatedOnToolsVersion = 13.4.1;
					};
					CA77B778288F887D0091269D = {
						CreatedOnToolsVersion = 13.4.1;
					};
				};
			};
			buildConfigurationList = CA77B76A288F887A0091269D /* Build configuration list for PBXProject "Reflect" */;
			compatibilityVersion = "Xcode 13.0";
			developmentRegion = en;
			hasScannedForEncodings = 0;
			knownRegions = (
				en,
				Base,
			);
			mainGroup = CA77B766288F887A0091269D;
			productRefGroup = CA77B774288F887D0091269D /* Products */;
			projectDirPath = "";
			projectRoot = "";
			targets = (
				CA77B772288F887D0091269D /* Reflect (iOS) */,
				CA77B778288F887D0091269D /* Reflect (macOS) */,
			);
		};
/* End PBXProject section */

/* Begin PBXResourcesBuildPhase section */
		CA77B771288F887D0091269D /* Resources */ = {
			isa = PBXResourcesBuildPhase;
			buildActionMask = 2147483647;
			files = (
				CA77B780288F887D0091269D /* Assets.xcassets in Resources */,
			);
			runOnlyForDeploymentPostprocessing = 0;
		};
		CA77B777288F887D0091269D /* Resources */ = {
			isa = PBXResourcesBuildPhase;
			buildActionMask = 2147483647;
			files = (
				CA77B781288F887D0091269D /* Assets.xcassets in Resources */,
			);
			runOnlyForDeploymentPostprocessing = 0;
		};
/* End PBXResourcesBuildPhase section */

/* Begin PBXSourcesBuildPhase section */
		CA77B76F288F887D0091269D /* Sources */ = {
			isa = PBXSourcesBuildPhase;
			buildActionMask = 2147483647;
			files = (
				CAD35FB4289271FD00C317AB /* Reflection.xcdatamodeld in Sources */,
				CAD35FA02890EDE400C317AB /* APIService.swift in Sources */,
				CAD35F8B288FB48100C317AB /* MenuView.swift in Sources */,
				CA77B791288F909B0091269D /* ReflectionViewModel.swift in Sources */,
				CAD35F91288FB65C00C317AB /* PastReflectionComponent.swift in Sources */,
				CAD35FB12892718E00C317AB /* DataController.swift in Sources */,
				CAD35F94288FB68C00C317AB /* TodaysReflectionComponent.swift in Sources */,
				CAD35F9E2890DE1A00C317AB /* UIScreen.swift in Sources */,
				CAD35FAB289258DB00C317AB /* Challenge.swift in Sources */,
				CAD35FB92892797E00C317AB /* ReflectionItem.swift in Sources */,
				CAD35F8F288FB63C00C317AB /* ReflectionFormView.swift in Sources */,
				CA77B77E288F887D0091269D /* ContentView.swift in Sources */,
				CAD35FBB2892818D00C317AB /* ReflectionCD.swift in Sources */,
				CA77B78E288F8FBF0091269D /* ReflectionView.swift in Sources */,
				CA77B77C288F887D0091269D /* ReflectApp.swift in Sources */,
				CAD35F9B2890DDD100C317AB /* Helper.swift in Sources */,
				CA77B78B288F8F5C0091269D /* OnBoadingView.swift in Sources */,
				CAD35FBD2892F22000C317AB /* NotificationManager.swift in Sources */,
				CAD35F8D288FB4AD00C317AB /* MenuViewModel.swift in Sources */,
				CAD35FAD289258E900C317AB /* Category.swift in Sources */,
			);
			runOnlyForDeploymentPostprocessing = 0;
		};
		CA77B775288F887D0091269D /* Sources */ = {
			isa = PBXSourcesBuildPhase;
			buildActionMask = 2147483647;
			files = (
				CA77B792288F909B0091269D /* ReflectionViewModel.swift in Sources */,
				CA77B77F288F887D0091269D /* ContentView.swift in Sources */,
				CA77B78F288F8FBF0091269D /* ReflectionView.swift in Sources */,
				CA77B77D288F887D0091269D /* ReflectApp.swift in Sources */,
				CA77B78C288F8F5C0091269D /* OnBoadingView.swift in Sources */,
			);
			runOnlyForDeploymentPostprocessing = 0;
		};
/* End PBXSourcesBuildPhase section */

/* Begin XCBuildConfiguration section */
		CA77B782288F887D0091269D /* Debug */ = {
			isa = XCBuildConfiguration;
			buildSettings = {
				ALWAYS_SEARCH_USER_PATHS = NO;
				CLANG_ANALYZER_NONNULL = YES;
				CLANG_ANALYZER_NUMBER_OBJECT_CONVERSION = YES_AGGRESSIVE;
				CLANG_CXX_LANGUAGE_STANDARD = "gnu++17";
				CLANG_ENABLE_MODULES = YES;
				CLANG_ENABLE_OBJC_ARC = YES;
				CLANG_ENABLE_OBJC_WEAK = YES;
				CLANG_WARN_BLOCK_CAPTURE_AUTORELEASING = YES;
				CLANG_WARN_BOOL_CONVERSION = YES;
				CLANG_WARN_COMMA = YES;
				CLANG_WARN_CONSTANT_CONVERSION = YES;
				CLANG_WARN_DEPRECATED_OBJC_IMPLEMENTATIONS = YES;
				CLANG_WARN_DIRECT_OBJC_ISA_USAGE = YES_ERROR;
				CLANG_WARN_DOCUMENTATION_COMMENTS = YES;
				CLANG_WARN_EMPTY_BODY = YES;
				CLANG_WARN_ENUM_CONVERSION = YES;
				CLANG_WARN_INFINITE_RECURSION = YES;
				CLANG_WARN_INT_CONVERSION = YES;
				CLANG_WARN_NON_LITERAL_NULL_CONVERSION = YES;
				CLANG_WARN_OBJC_IMPLICIT_RETAIN_SELF = YES;
				CLANG_WARN_OBJC_LITERAL_CONVERSION = YES;
				CLANG_WARN_OBJC_ROOT_CLASS = YES_ERROR;
				CLANG_WARN_QUOTED_INCLUDE_IN_FRAMEWORK_HEADER = YES;
				CLANG_WARN_RANGE_LOOP_ANALYSIS = YES;
				CLANG_WARN_STRICT_PROTOTYPES = YES;
				CLANG_WARN_SUSPICIOUS_MOVE = YES;
				CLANG_WARN_UNGUARDED_AVAILABILITY = YES_AGGRESSIVE;
				CLANG_WARN_UNREACHABLE_CODE = YES;
				CLANG_WARN__DUPLICATE_METHOD_MATCH = YES;
				COPY_PHASE_STRIP = NO;
				DEBUG_INFORMATION_FORMAT = dwarf;
				ENABLE_STRICT_OBJC_MSGSEND = YES;
				ENABLE_TESTABILITY = YES;
				GCC_C_LANGUAGE_STANDARD = gnu11;
				GCC_DYNAMIC_NO_PIC = NO;
				GCC_NO_COMMON_BLOCKS = YES;
				GCC_OPTIMIZATION_LEVEL = 0;
				GCC_PREPROCESSOR_DEFINITIONS = (
					"DEBUG=1",
					"$(inherited)",
				);
				GCC_WARN_64_TO_32_BIT_CONVERSION = YES;
				GCC_WARN_ABOUT_RETURN_TYPE = YES_ERROR;
				GCC_WARN_UNDECLARED_SELECTOR = YES;
				GCC_WARN_UNINITIALIZED_AUTOS = YES_AGGRESSIVE;
				GCC_WARN_UNUSED_FUNCTION = YES;
				GCC_WARN_UNUSED_VARIABLE = YES;
				MTL_ENABLE_DEBUG_INFO = INCLUDE_SOURCE;
				MTL_FAST_MATH = YES;
				ONLY_ACTIVE_ARCH = YES;
				SWIFT_ACTIVE_COMPILATION_CONDITIONS = DEBUG;
				SWIFT_OPTIMIZATION_LEVEL = "-Onone";
			};
			name = Debug;
		};
		CA77B783288F887D0091269D /* Release */ = {
			isa = XCBuildConfiguration;
			buildSettings = {
				ALWAYS_SEARCH_USER_PATHS = NO;
				CLANG_ANALYZER_NONNULL = YES;
				CLANG_ANALYZER_NUMBER_OBJECT_CONVERSION = YES_AGGRESSIVE;
				CLANG_CXX_LANGUAGE_STANDARD = "gnu++17";
				CLANG_ENABLE_MODULES = YES;
				CLANG_ENABLE_OBJC_ARC = YES;
				CLANG_ENABLE_OBJC_WEAK = YES;
				CLANG_WARN_BLOCK_CAPTURE_AUTORELEASING = YES;
				CLANG_WARN_BOOL_CONVERSION = YES;
				CLANG_WARN_COMMA = YES;
				CLANG_WARN_CONSTANT_CONVERSION = YES;
				CLANG_WARN_DEPRECATED_OBJC_IMPLEMENTATIONS = YES;
				CLANG_WARN_DIRECT_OBJC_ISA_USAGE = YES_ERROR;
				CLANG_WARN_DOCUMENTATION_COMMENTS = YES;
				CLANG_WARN_EMPTY_BODY = YES;
				CLANG_WARN_ENUM_CONVERSION = YES;
				CLANG_WARN_INFINITE_RECURSION = YES;
				CLANG_WARN_INT_CONVERSION = YES;
				CLANG_WARN_NON_LITERAL_NULL_CONVERSION = YES;
				CLANG_WARN_OBJC_IMPLICIT_RETAIN_SELF = YES;
				CLANG_WARN_OBJC_LITERAL_CONVERSION = YES;
				CLANG_WARN_OBJC_ROOT_CLASS = YES_ERROR;
				CLANG_WARN_QUOTED_INCLUDE_IN_FRAMEWORK_HEADER = YES;
				CLANG_WARN_RANGE_LOOP_ANALYSIS = YES;
				CLANG_WARN_STRICT_PROTOTYPES = YES;
				CLANG_WARN_SUSPICIOUS_MOVE = YES;
				CLANG_WARN_UNGUARDED_AVAILABILITY = YES_AGGRESSIVE;
				CLANG_WARN_UNREACHABLE_CODE = YES;
				CLANG_WARN__DUPLICATE_METHOD_MATCH = YES;
				COPY_PHASE_STRIP = NO;
				DEBUG_INFORMATION_FORMAT = "dwarf-with-dsym";
				ENABLE_NS_ASSERTIONS = NO;
				ENABLE_STRICT_OBJC_MSGSEND = YES;
				GCC_C_LANGUAGE_STANDARD = gnu11;
				GCC_NO_COMMON_BLOCKS = YES;
				GCC_WARN_64_TO_32_BIT_CONVERSION = YES;
				GCC_WARN_ABOUT_RETURN_TYPE = YES_ERROR;
				GCC_WARN_UNDECLARED_SELECTOR = YES;
				GCC_WARN_UNINITIALIZED_AUTOS = YES_AGGRESSIVE;
				GCC_WARN_UNUSED_FUNCTION = YES;
				GCC_WARN_UNUSED_VARIABLE = YES;
				MTL_ENABLE_DEBUG_INFO = NO;
				MTL_FAST_MATH = YES;
				SWIFT_COMPILATION_MODE = wholemodule;
				SWIFT_OPTIMIZATION_LEVEL = "-O";
			};
			name = Release;
		};
		CA77B785288F887D0091269D /* Debug */ = {
			isa = XCBuildConfiguration;
			buildSettings = {
				ASSETCATALOG_COMPILER_APPICON_NAME = AppIcon;
				ASSETCATALOG_COMPILER_GLOBAL_ACCENT_COLOR_NAME = AccentColor;
				CODE_SIGN_STYLE = Automatic;
				CURRENT_PROJECT_VERSION = 1;
				DEVELOPMENT_TEAM = J67MLP4W74;
				ENABLE_PREVIEWS = YES;
				GENERATE_INFOPLIST_FILE = YES;
				INFOPLIST_KEY_UIApplicationSceneManifest_Generation = YES;
				INFOPLIST_KEY_UIApplicationSupportsIndirectInputEvents = YES;
				INFOPLIST_KEY_UILaunchScreen_Generation = YES;
				INFOPLIST_KEY_UISupportedInterfaceOrientations = "UIInterfaceOrientationPortrait UIInterfaceOrientationPortraitUpsideDown";
				INFOPLIST_KEY_UISupportedInterfaceOrientations_iPad = "UIInterfaceOrientationPortrait UIInterfaceOrientationPortraitUpsideDown UIInterfaceOrientationLandscapeLeft UIInterfaceOrientationLandscapeRight";
				INFOPLIST_KEY_UISupportedInterfaceOrientations_iPhone = "UIInterfaceOrientationPortrait UIInterfaceOrientationLandscapeLeft UIInterfaceOrientationLandscapeRight";
				IPHONEOS_DEPLOYMENT_TARGET = 15.5;
				LD_RUNPATH_SEARCH_PATHS = (
					"$(inherited)",
					"@executable_path/Frameworks",
				);
				MARKETING_VERSION = 1.0;
				PRODUCT_BUNDLE_IDENTIFIER = com.pottatoDev.Reflect;
				PRODUCT_NAME = Reflect;
				SDKROOT = iphoneos;
				SWIFT_EMIT_LOC_STRINGS = YES;
				SWIFT_VERSION = 5.0;
				TARGETED_DEVICE_FAMILY = 1;
			};
			name = Debug;
		};
		CA77B786288F887D0091269D /* Release */ = {
			isa = XCBuildConfiguration;
			buildSettings = {
				ASSETCATALOG_COMPILER_APPICON_NAME = AppIcon;
				ASSETCATALOG_COMPILER_GLOBAL_ACCENT_COLOR_NAME = AccentColor;
				CODE_SIGN_STYLE = Automatic;
				CURRENT_PROJECT_VERSION = 1;
				DEVELOPMENT_TEAM = J67MLP4W74;
				ENABLE_PREVIEWS = YES;
				GENERATE_INFOPLIST_FILE = YES;
				INFOPLIST_KEY_UIApplicationSceneManifest_Generation = YES;
				INFOPLIST_KEY_UIApplicationSupportsIndirectInputEvents = YES;
				INFOPLIST_KEY_UILaunchScreen_Generation = YES;
				INFOPLIST_KEY_UISupportedInterfaceOrientations = "UIInterfaceOrientationPortrait UIInterfaceOrientationPortraitUpsideDown";
				INFOPLIST_KEY_UISupportedInterfaceOrientations_iPad = "UIInterfaceOrientationPortrait UIInterfaceOrientationPortraitUpsideDown UIInterfaceOrientationLandscapeLeft UIInterfaceOrientationLandscapeRight";
				INFOPLIST_KEY_UISupportedInterfaceOrientations_iPhone = "UIInterfaceOrientationPortrait UIInterfaceOrientationLandscapeLeft UIInterfaceOrientationLandscapeRight";
				IPHONEOS_DEPLOYMENT_TARGET = 15.5;
				LD_RUNPATH_SEARCH_PATHS = (
					"$(inherited)",
					"@executable_path/Frameworks",
				);
				MARKETING_VERSION = 1.0;
				PRODUCT_BUNDLE_IDENTIFIER = com.pottatoDev.Reflect;
				PRODUCT_NAME = Reflect;
				SDKROOT = iphoneos;
				SWIFT_EMIT_LOC_STRINGS = YES;
				SWIFT_VERSION = 5.0;
				TARGETED_DEVICE_FAMILY = 1;
				VALIDATE_PRODUCT = YES;
			};
			name = Release;
		};
		CA77B788288F887D0091269D /* Debug */ = {
			isa = XCBuildConfiguration;
			buildSettings = {
				ASSETCATALOG_COMPILER_APPICON_NAME = AppIcon;
				ASSETCATALOG_COMPILER_GLOBAL_ACCENT_COLOR_NAME = AccentColor;
				CODE_SIGN_ENTITLEMENTS = macOS/macOS.entitlements;
				CODE_SIGN_STYLE = Automatic;
				COMBINE_HIDPI_IMAGES = YES;
				CURRENT_PROJECT_VERSION = 1;
				DEVELOPMENT_TEAM = J67MLP4W74;
				ENABLE_HARDENED_RUNTIME = YES;
				ENABLE_PREVIEWS = YES;
				GENERATE_INFOPLIST_FILE = YES;
				INFOPLIST_KEY_NSHumanReadableCopyright = "";
				LD_RUNPATH_SEARCH_PATHS = (
					"$(inherited)",
					"@executable_path/../Frameworks",
				);
				MACOSX_DEPLOYMENT_TARGET = 12.3;
				MARKETING_VERSION = 1.0;
				PRODUCT_BUNDLE_IDENTIFIER = com.pottatoDev.Reflect;
				PRODUCT_NAME = Reflect;
				SDKROOT = macosx;
				SWIFT_EMIT_LOC_STRINGS = YES;
				SWIFT_VERSION = 5.0;
			};
			name = Debug;
		};
		CA77B789288F887D0091269D /* Release */ = {
			isa = XCBuildConfiguration;
			buildSettings = {
				ASSETCATALOG_COMPILER_APPICON_NAME = AppIcon;
				ASSETCATALOG_COMPILER_GLOBAL_ACCENT_COLOR_NAME = AccentColor;
				CODE_SIGN_ENTITLEMENTS = macOS/macOS.entitlements;
				CODE_SIGN_STYLE = Automatic;
				COMBINE_HIDPI_IMAGES = YES;
				CURRENT_PROJECT_VERSION = 1;
				DEVELOPMENT_TEAM = J67MLP4W74;
				ENABLE_HARDENED_RUNTIME = YES;
				ENABLE_PREVIEWS = YES;
				GENERATE_INFOPLIST_FILE = YES;
				INFOPLIST_KEY_NSHumanReadableCopyright = "";
				LD_RUNPATH_SEARCH_PATHS = (
					"$(inherited)",
					"@executable_path/../Frameworks",
				);
				MACOSX_DEPLOYMENT_TARGET = 12.3;
				MARKETING_VERSION = 1.0;
				PRODUCT_BUNDLE_IDENTIFIER = com.pottatoDev.Reflect;
				PRODUCT_NAME = Reflect;
				SDKROOT = macosx;
				SWIFT_EMIT_LOC_STRINGS = YES;
				SWIFT_VERSION = 5.0;
			};
			name = Release;
		};
/* End XCBuildConfiguration section */

/* Begin XCConfigurationList section */
		CA77B76A288F887A0091269D /* Build configuration list for PBXProject "Reflect" */ = {
			isa = XCConfigurationList;
			buildConfigurations = (
				CA77B782288F887D0091269D /* Debug */,
				CA77B783288F887D0091269D /* Release */,
			);
			defaultConfigurationIsVisible = 0;
			defaultConfigurationName = Release;
		};
		CA77B784288F887D0091269D /* Build configuration list for PBXNativeTarget "Reflect (iOS)" */ = {
			isa = XCConfigurationList;
			buildConfigurations = (
				CA77B785288F887D0091269D /* Debug */,
				CA77B786288F887D0091269D /* Release */,
			);
			defaultConfigurationIsVisible = 0;
			defaultConfigurationName = Release;
		};
		CA77B787288F887D0091269D /* Build configuration list for PBXNativeTarget "Reflect (macOS)" */ = {
			isa = XCConfigurationList;
			buildConfigurations = (
				CA77B788288F887D0091269D /* Debug */,
				CA77B789288F887D0091269D /* Release */,
			);
			defaultConfigurationIsVisible = 0;
			defaultConfigurationName = Release;
		};
/* End XCConfigurationList section */

/* Begin XCVersionGroup section */
		CAD35FB2289271FD00C317AB /* Reflection.xcdatamodeld */ = {
			isa = XCVersionGroup;
			children = (
				CAD35FB3289271FD00C317AB /* Reflection.xcdatamodel */,
			);
			currentVersion = CAD35FB3289271FD00C317AB /* Reflection.xcdatamodel */;
			path = Reflection.xcdatamodeld;
			sourceTree = "<group>";
			versionGroupType = wrapper.xcdatamodel;
		};
/* End XCVersionGroup section */
	};
	rootObject = CA77B767288F887A0091269D /* Project object */;
}
